// !$*UTF8*$!
{
	archiveVersion = 1;
	classes = {
	};
	objectVersion = 48;
	objects = {

/* Begin PBXBuildFile section */
		502763F61FE73C9F00683314 /* LeagueVC.swift in Sources */ = {isa = PBXBuildFile; fileRef = 502763F51FE73C9F00683314 /* LeagueVC.swift */; };
		502763F81FE73CB200683314 /* SkillVC.swift in Sources */ = {isa = PBXBuildFile; fileRef = 502763F71FE73CB200683314 /* SkillVC.swift */; };
		502763FA1FE7471800683314 /* Player.swift in Sources */ = {isa = PBXBuildFile; fileRef = 502763F91FE7471800683314 /* Player.swift */; };
		50A936EE1FDE275C0089CF78 /* AppDelegate.swift in Sources */ = {isa = PBXBuildFile; fileRef = 50A936ED1FDE275C0089CF78 /* AppDelegate.swift */; };
		50A936F01FDE275C0089CF78 /* WelcomeVC.swift in Sources */ = {isa = PBXBuildFile; fileRef = 50A936EF1FDE275C0089CF78 /* WelcomeVC.swift */; };
		50A936F31FDE275C0089CF78 /* Main.storyboard in Resources */ = {isa = PBXBuildFile; fileRef = 50A936F11FDE275C0089CF78 /* Main.storyboard */; };
		50A936F51FDE275C0089CF78 /* Assets.xcassets in Resources */ = {isa = PBXBuildFile; fileRef = 50A936F41FDE275C0089CF78 /* Assets.xcassets */; };
		50A936F81FDE275C0089CF78 /* LaunchScreen.storyboard in Resources */ = {isa = PBXBuildFile; fileRef = 50A936F61FDE275C0089CF78 /* LaunchScreen.storyboard */; };
		50A937011FDE40610089CF78 /* BorderButton.swift in Sources */ = {isa = PBXBuildFile; fileRef = 50A937001FDE40610089CF78 /* BorderButton.swift */; };
/* End PBXBuildFile section */

/* Begin PBXFileReference section */
		502763F51FE73C9F00683314 /* LeagueVC.swift */ = {isa = PBXFileReference; lastKnownFileType = sourcecode.swift; path = LeagueVC.swift; sourceTree = "<group>"; };
		502763F71FE73CB200683314 /* SkillVC.swift */ = {isa = PBXFileReference; lastKnownFileType = sourcecode.swift; path = SkillVC.swift; sourceTree = "<group>"; };
		502763F91FE7471800683314 /* Player.swift */ = {isa = PBXFileReference; lastKnownFileType = sourcecode.swift; path = Player.swift; sourceTree = "<group>"; };
		50A936EA1FDE275C0089CF78 /* app-swoosh.app */ = {isa = PBXFileReference; explicitFileType = wrapper.application; includeInIndex = 0; path = "app-swoosh.app"; sourceTree = BUILT_PRODUCTS_DIR; };
		50A936ED1FDE275C0089CF78 /* AppDelegate.swift */ = {isa = PBXFileReference; lastKnownFileType = sourcecode.swift; path = AppDelegate.swift; sourceTree = "<group>"; };
		50A936EF1FDE275C0089CF78 /* WelcomeVC.swift */ = {isa = PBXFileReference; lastKnownFileType = sourcecode.swift; path = WelcomeVC.swift; sourceTree = "<group>"; };
		50A936F21FDE275C0089CF78 /* Base */ = {isa = PBXFileReference; lastKnownFileType = file.storyboard; name = Base; path = Base.lproj/Main.storyboard; sourceTree = "<group>"; };
		50A936F41FDE275C0089CF78 /* Assets.xcassets */ = {isa = PBXFileReference; lastKnownFileType = folder.assetcatalog; path = Assets.xcassets; sourceTree = "<group>"; };
		50A936F71FDE275C0089CF78 /* Base */ = {isa = PBXFileReference; lastKnownFileType = file.storyboard; name = Base; path = Base.lproj/LaunchScreen.storyboard; sourceTree = "<group>"; };
		50A936F91FDE275C0089CF78 /* Info.plist */ = {isa = PBXFileReference; lastKnownFileType = text.plist.xml; path = Info.plist; sourceTree = "<group>"; };
		50A937001FDE40610089CF78 /* BorderButton.swift */ = {isa = PBXFileReference; lastKnownFileType = sourcecode.swift; path = BorderButton.swift; sourceTree = "<group>"; };
/* End PBXFileReference section */

/* Begin PBXFrameworksBuildPhase section */
		50A936E71FDE275C0089CF78 /* Frameworks */ = {
			isa = PBXFrameworksBuildPhase;
			buildActionMask = 2147483647;
			files = (
			);
			runOnlyForDeploymentPostprocessing = 0;
		};
/* End PBXFrameworksBuildPhase section */

/* Begin PBXGroup section */
		502763F31FE73BC300683314 /* Model */ = {
			isa = PBXGroup;
			children = (
				502763F91FE7471800683314 /* Player.swift */,
			);
			path = Model;
			sourceTree = "<group>";
		};
		502763F41FE73BCB00683314 /* Controller */ = {
			isa = PBXGroup;
			children = (
				50A936EF1FDE275C0089CF78 /* WelcomeVC.swift */,
				502763F51FE73C9F00683314 /* LeagueVC.swift */,
				502763F71FE73CB200683314 /* SkillVC.swift */,
			);
			path = Controller;
			sourceTree = "<group>";
		};
		50A936E11FDE275C0089CF78 = {
			isa = PBXGroup;
			children = (
				50A936EC1FDE275C0089CF78 /* app-swoosh */,
				50A936EB1FDE275C0089CF78 /* Products */,
			);
			sourceTree = "<group>";
		};
		50A936EB1FDE275C0089CF78 /* Products */ = {
			isa = PBXGroup;
			children = (
				50A936EA1FDE275C0089CF78 /* app-swoosh.app */,
			);
			name = Products;
			sourceTree = "<group>";
		};
		50A936EC1FDE275C0089CF78 /* app-swoosh */ = {
			isa = PBXGroup;
			children = (
				502763F31FE73BC300683314 /* Model */,
				502763F41FE73BCB00683314 /* Controller */,
				50A936FF1FDE40320089CF78 /* View */,
				50A936ED1FDE275C0089CF78 /* AppDelegate.swift */,
				50A936F11FDE275C0089CF78 /* Main.storyboard */,
				50A936F41FDE275C0089CF78 /* Assets.xcassets */,
				50A936F61FDE275C0089CF78 /* LaunchScreen.storyboard */,
				50A936F91FDE275C0089CF78 /* Info.plist */,
			);
			path = "app-swoosh";
			sourceTree = "<group>";
		};
		50A936FF1FDE40320089CF78 /* View */ = {
			isa = PBXGroup;
			children = (
				50A937001FDE40610089CF78 /* BorderButton.swift */,
			);
			path = View;
			sourceTree = "<group>";
		};
/* End PBXGroup section */

/* Begin PBXNativeTarget section */
		50A936E91FDE275C0089CF78 /* app-swoosh */ = {
			isa = PBXNativeTarget;
			buildConfigurationList = 50A936FC1FDE275C0089CF78 /* Build configuration list for PBXNativeTarget "app-swoosh" */;
			buildPhases = (
				50A936E61FDE275C0089CF78 /* Sources */,
				50A936E71FDE275C0089CF78 /* Frameworks */,
				50A936E81FDE275C0089CF78 /* Resources */,
			);
			buildRules = (
			);
			dependencies = (
			);
			name = "app-swoosh";
			productName = "app-swoosh";
			productReference = 50A936EA1FDE275C0089CF78 /* app-swoosh.app */;
			productType = "com.apple.product-type.application";
		};
/* End PBXNativeTarget section */

/* Begin PBXProject section */
		50A936E21FDE275C0089CF78 /* Project object */ = {
			isa = PBXProject;
			attributes = {
				LastSwiftUpdateCheck = 0920;
				LastUpgradeCheck = 0920;
				ORGANIZATIONNAME = "David Brunstein";
				TargetAttributes = {
					50A936E91FDE275C0089CF78 = {
						CreatedOnToolsVersion = 9.2;
						ProvisioningStyle = Automatic;
					};
				};
			};
			buildConfigurationList = 50A936E51FDE275C0089CF78 /* Build configuration list for PBXProject "app-swoosh" */;
			compatibilityVersion = "Xcode 8.0";
			developmentRegion = en;
			hasScannedForEncodings = 0;
			knownRegions = (
				en,
				Base,
			);
			mainGroup = 50A936E11FDE275C0089CF78;
			productRefGroup = 50A936EB1FDE275C0089CF78 /* Products */;
			projectDirPath = "";
			projectRoot = "";
			targets = (
				50A936E91FDE275C0089CF78 /* app-swoosh */,
			);
		};
/* End PBXProject section */

/* Begin PBXResourcesBuildPhase section */
		50A936E81FDE275C0089CF78 /* Resources */ = {
			isa = PBXResourcesBuildPhase;
			buildActionMask = 2147483647;
			files = (
				50A936F81FDE275C0089CF78 /* LaunchScreen.storyboard in Resources */,
				50A936F51FDE275C0089CF78 /* Assets.xcassets in Resources */,
				50A936F31FDE275C0089CF78 /* Main.storyboard in Resources */,
			);
			runOnlyForDeploymentPostprocessing = 0;
		};
/* End PBXResourcesBuildPhase section */

/* Begin PBXSourcesBuildPhase section */
		50A936E61FDE275C0089CF78 /* Sources */ = {
			isa = PBXSourcesBuildPhase;
			buildActionMask = 2147483647;
			files = (
				50A936F01FDE275C0089CF78 /* WelcomeVC.swift in Sources */,
				502763F61FE73C9F00683314 /* LeagueVC.swift in Sources */,
				50A936EE1FDE275C0089CF78 /* AppDelegate.swift in Sources */,
				502763F81FE73CB200683314 /* SkillVC.swift in Sources */,
				502763FA1FE7471800683314 /* Player.swift in Sources */,
				50A937011FDE40610089CF78 /* BorderButton.swift in Sources */,
			);
			runOnlyForDeploymentPostprocessing = 0;
		};
/* End PBXSourcesBuildPhase section */

/* Begin PBXVariantGroup section */
		50A936F11FDE275C0089CF78 /* Main.storyboard */ = {
			isa = PBXVariantGroup;
			children = (
				50A936F21FDE275C0089CF78 /* Base */,
			);
			name = Main.storyboard;
			sourceTree = "<group>";
		};
		50A936F61FDE275C0089CF78 /* LaunchScreen.storyboard */ = {
			isa = PBXVariantGroup;
			children = (
				50A936F71FDE275C0089CF78 /* Base */,
			);
			name = LaunchScreen.storyboard;
			sourceTree = "<group>";
		};
/* End PBXVariantGroup section */

/* Begin XCBuildConfiguration section */
		50A936FA1FDE275C0089CF78 /* Debug */ = {
			isa = XCBuildConfiguration;
			buildSettings = {
				ALWAYS_SEARCH_USER_PATHS = NO;
				CLANG_ANALYZER_NONNULL = YES;
				CLANG_ANALYZER_NUMBER_OBJECT_CONVERSION = YES_AGGRESSIVE;
				CLANG_CXX_LANGUAGE_STANDARD = "gnu++14";
				CLANG_CXX_LIBRARY = "libc++";
				CLANG_ENABLE_MODULES = YES;
				CLANG_ENABLE_OBJC_ARC = YES;
				CLANG_WARN_BLOCK_CAPTURE_AUTORELEASING = YES;
				CLANG_WARN_BOOL_CONVERSION = YES;
				CLANG_WARN_COMMA = YES;
				CLANG_WARN_CONSTANT_CONVERSION = YES;
				CLANG_WARN_DIRECT_OBJC_ISA_USAGE = YES_ERROR;
				CLANG_WARN_DOCUMENTATION_COMMENTS = YES;
				CLANG_WARN_EMPTY_BODY = YES;
				CLANG_WARN_ENUM_CONVERSION = YES;
				CLANG_WARN_INFINITE_RECURSION = YES;
				CLANG_WARN_INT_CONVERSION = YES;
				CLANG_WARN_NON_LITERAL_NULL_CONVERSION = YES;
				CLANG_WARN_OBJC_LITERAL_CONVERSION = YES;
				CLANG_WARN_OBJC_ROOT_CLASS = YES_ERROR;
				CLANG_WARN_RANGE_LOOP_ANALYSIS = YES;
				CLANG_WARN_STRICT_PROTOTYPES = YES;
				CLANG_WARN_SUSPICIOUS_MOVE = YES;
				CLANG_WARN_UNGUARDED_AVAILABILITY = YES_AGGRESSIVE;
				CLANG_WARN_UNREACHABLE_CODE = YES;
				CLANG_WARN__DUPLICATE_METHOD_MATCH = YES;
				CODE_SIGN_IDENTITY = "iPhone Developer";
				COPY_PHASE_STRIP = NO;
				DEBUG_INFORMATION_FORMAT = dwarf;
				ENABLE_STRICT_OBJC_MSGSEND = YES;
				ENABLE_TESTABILITY = YES;
				GCC_C_LANGUAGE_STANDARD = gnu11;
				GCC_DYNAMIC_NO_PIC = NO;
				GCC_NO_COMMON_BLOCKS = YES;
				GCC_OPTIMIZATION_LEVEL = 0;
				GCC_PREPROCESSOR_DEFINITIONS = (
					"DEBUG=1",
					"$(inherited)",
				);
				GCC_WARN_64_TO_32_BIT_CONVERSION = YES;
				GCC_WARN_ABOUT_RETURN_TYPE = YES_ERROR;
				GCC_WARN_UNDECLARED_SELECTOR = YES;
				GCC_WARN_UNINITIALIZED_AUTOS = YES_AGGRESSIVE;
				GCC_WARN_UNUSED_FUNCTION = YES;
				GCC_WARN_UNUSED_VARIABLE = YES;
				IPHONEOS_DEPLOYMENT_TARGET = 11.2;
				MTL_ENABLE_DEBUG_INFO = YES;
				ONLY_ACTIVE_ARCH = YES;
				SDKROOT = iphoneos;
				SWIFT_ACTIVE_COMPILATION_CONDITIONS = DEBUG;
				SWIFT_OPTIMIZATION_LEVEL = "-Onone";
			};
			name = Debug;
		};
		50A936FB1FDE275C0089CF78 /* Release */ = {
			isa = XCBuildConfiguration;
			buildSettings = {
				ALWAYS_SEARCH_USER_PATHS = NO;
				CLANG_ANALYZER_NONNULL = YES;
				CLANG_ANALYZER_NUMBER_OBJECT_CONVERSION = YES_AGGRESSIVE;
				CLANG_CXX_LANGUAGE_STANDARD = "gnu++14";
				CLANG_CXX_LIBRARY = "libc++";
				CLANG_ENABLE_MODULES = YES;
				CLANG_ENABLE_OBJC_ARC = YES;
				CLANG_WARN_BLOCK_CAPTURE_AUTORELEASING = YES;
				CLANG_WARN_BOOL_CONVERSION = YES;
				CLANG_WARN_COMMA = YES;
				CLANG_WARN_CONSTANT_CONVERSION = YES;
				CLANG_WARN_DIRECT_OBJC_ISA_USAGE = YES_ERROR;
				CLANG_WARN_DOCUMENTATION_COMMENTS = YES;
				CLANG_WARN_EMPTY_BODY = YES;
				CLANG_WARN_ENUM_CONVERSION = YES;
				CLANG_WARN_INFINITE_RECURSION = YES;
				CLANG_WARN_INT_CONVERSION = YES;
				CLANG_WARN_NON_LITERAL_NULL_CONVERSION = YES;
				CLANG_WARN_OBJC_LITERAL_CONVERSION = YES;
				CLANG_WARN_OBJC_ROOT_CLASS = YES_ERROR;
				CLANG_WARN_RANGE_LOOP_ANALYSIS = YES;
				CLANG_WARN_STRICT_PROTOTYPES = YES;
				CLANG_WARN_SUSPICIOUS_MOVE = YES;
				CLANG_WARN_UNGUARDED_AVAILABILITY = YES_AGGRESSIVE;
				CLANG_WARN_UNREACHABLE_CODE = YES;
				CLANG_WARN__DUPLICATE_METHOD_MATCH = YES;
				CODE_SIGN_IDENTITY = "iPhone Developer";
				COPY_PHASE_STRIP = NO;
				DEBUG_INFORMATION_FORMAT = "dwarf-with-dsym";
				ENABLE_NS_ASSERTIONS = NO;
				ENABLE_STRICT_OBJC_MSGSEND = YES;
				GCC_C_LANGUAGE_STANDARD = gnu11;
				GCC_NO_COMMON_BLOCKS = YES;
				GCC_WARN_64_TO_32_BIT_CONVERSION = YES;
				GCC_WARN_ABOUT_RETURN_TYPE = YES_ERROR;
				GCC_WARN_UNDECLARED_SELECTOR = YES;
				GCC_WARN_UNINITIALIZED_AUTOS = YES_AGGRESSIVE;
				GCC_WARN_UNUSED_FUNCTION = YES;
				GCC_WARN_UNUSED_VARIABLE = YES;
				IPHONEOS_DEPLOYMENT_TARGET = 11.2;
				MTL_ENABLE_DEBUG_INFO = NO;
				SDKROOT = iphoneos;
				SWIFT_OPTIMIZATION_LEVEL = "-Owholemodule";
				VALIDATE_PRODUCT = YES;
			};
			name = Release;
		};
		50A936FD1FDE275C0089CF78 /* Debug */ = {
			isa = XCBuildConfiguration;
			buildSettings = {
				ASSETCATALOG_COMPILER_APPICON_NAME = AppIcon;
				CODE_SIGN_STYLE = Automatic;
				DEVELOPMENT_TEAM = DU44C6AG9P;
				INFOPLIST_FILE = "app-swoosh/Info.plist";
				LD_RUNPATH_SEARCH_PATHS = "$(inherited) @executable_path/Frameworks";
				PRODUCT_BUNDLE_IDENTIFIER = "com.madefresh.ca.app-swoosh";
				PRODUCT_NAME = "$(TARGET_NAME)";
				SWIFT_VERSION = 4.0;
				TARGETED_DEVICE_FAMILY = "1,2";
			};
			name = Debug;
		};
		50A936FE1FDE275C0089CF78 /* Release */ = {
			isa = XCBuildConfiguration;
			buildSettings = {
				ASSETCATALOG_COMPILER_APPICON_NAME = AppIcon;
				CODE_SIGN_STYLE = Automatic;
				DEVELOPMENT_TEAM = DU44C6AG9P;
				INFOPLIST_FILE = "app-swoosh/Info.plist";
				LD_RUNPATH_SEARCH_PATHS = "$(inherited) @executable_path/Frameworks";
				PRODUCT_BUNDLE_IDENTIFIER = "com.madefresh.ca.app-swoosh";
				PRODUCT_NAME = "$(TARGET_NAME)";
				SWIFT_VERSION = 4.0;
				TARGETED_DEVICE_FAMILY = "1,2";
			};
			name = Release;
		};
/* End XCBuildConfiguration section */

/* Begin XCConfigurationList section */
		50A936E51FDE275C0089CF78 /* Build configuration list for PBXProject "app-swoosh" */ = {
			isa = XCConfigurationList;
			buildConfigurations = (
				50A936FA1FDE275C0089CF78 /* Debug */,
				50A936FB1FDE275C0089CF78 /* Release */,
			);
			defaultConfigurationIsVisible = 0;
			defaultConfigurationName = Release;
		};
		50A936FC1FDE275C0089CF78 /* Build configuration list for PBXNativeTarget "app-swoosh" */ = {
			isa = XCConfigurationList;
			buildConfigurations = (
				50A936FD1FDE275C0089CF78 /* Debug */,
				50A936FE1FDE275C0089CF78 /* Release */,
			);
			defaultConfigurationIsVisible = 0;
			defaultConfigurationName = Release;
		};
/* End XCConfigurationList section */
	};
	rootObject = 50A936E21FDE275C0089CF78 /* Project object */;
}
